
Microsoft Visual Studio Solution File, Format Version 12.00
# Visual Studio Version 16
VisualStudioVersion = 16.0.29306.81
MinimumVisualStudioVersion = 10.0.40219.1
Project("{FAE04EC0-301F-11D3-BF4B-00C04F79EFBC}") = "Impact.Android", "Impact\Impact.Android\Impact.Android.csproj", "{FC492E52-55DA-4410-98C6-F1CA2EBE5270}"
EndProject
Project("{FAE04EC0-301F-11D3-BF4B-00C04F79EFBC}") = "Impact.iOS", "Impact\Impact.iOS\Impact.iOS.csproj", "{26B1EADC-F2EA-40DA-8A5A-D033FF203D70}"
EndProject
Project("{FAE04EC0-301F-11D3-BF4B-00C04F79EFBC}") = "Impact", "Impact\Impact\Impact.csproj", "{C11BF6D4-FC19-488D-98D2-62D99EB9EEE2}"
EndProject
Global
	GlobalSection(SolutionConfigurationPlatforms) = preSolution
		Debug|Any CPU = Debug|Any CPU
		Debug|iPhone = Debug|iPhone
		Debug|iPhoneSimulator = Debug|iPhoneSimulator
		Release|Any CPU = Release|Any CPU
		Release|iPhone = Release|iPhone
		Release|iPhoneSimulator = Release|iPhoneSimulator
	EndGlobalSection
	GlobalSection(ProjectConfigurationPlatforms) = postSolution
		{FC492E52-55DA-4410-98C6-F1CA2EBE5270}.Debug|Any CPU.ActiveCfg = Debug|Any CPU
		{FC492E52-55DA-4410-98C6-F1CA2EBE5270}.Debug|Any CPU.Build.0 = Debug|Any CPU
		{FC492E52-55DA-4410-98C6-F1CA2EBE5270}.Debug|Any CPU.Deploy.0 = Debug|Any CPU
		{FC492E52-55DA-4410-98C6-F1CA2EBE5270}.Debug|iPhone.ActiveCfg = Debug|Any CPU
		{FC492E52-55DA-4410-98C6-F1CA2EBE5270}.Debug|iPhone.Build.0 = Debug|Any CPU
		{FC492E52-55DA-4410-98C6-F1CA2EBE5270}.Debug|iPhone.Deploy.0 = Debug|Any CPU
		{FC492E52-55DA-4410-98C6-F1CA2EBE5270}.Debug|iPhoneSimulator.ActiveCfg = Debug|Any CPU
		{FC492E52-55DA-4410-98C6-F1CA2EBE5270}.Debug|iPhoneSimulator.Build.0 = Debug|Any CPU
		{FC492E52-55DA-4410-98C6-F1CA2EBE5270}.Debug|iPhoneSimulator.Deploy.0 = Debug|Any CPU
		{FC492E52-55DA-4410-98C6-F1CA2EBE5270}.Release|Any CPU.ActiveCfg = Release|Any CPU
		{FC492E52-55DA-4410-98C6-F1CA2EBE5270}.Release|Any CPU.Build.0 = Release|Any CPU
		{FC492E52-55DA-4410-98C6-F1CA2EBE5270}.Release|Any CPU.Deploy.0 = Release|Any CPU
		{FC492E52-55DA-4410-98C6-F1CA2EBE5270}.Release|iPhone.ActiveCfg = Release|Any CPU
		{FC492E52-55DA-4410-98C6-F1CA2EBE5270}.Release|iPhone.Build.0 = Release|Any CPU
		{FC492E52-55DA-4410-98C6-F1CA2EBE5270}.Release|iPhone.Deploy.0 = Release|Any CPU
		{FC492E52-55DA-4410-98C6-F1CA2EBE5270}.Release|iPhoneSimulator.ActiveCfg = Release|Any CPU
		{FC492E52-55DA-4410-98C6-F1CA2EBE5270}.Release|iPhoneSimulator.Build.0 = Release|Any CPU
		{FC492E52-55DA-4410-98C6-F1CA2EBE5270}.Release|iPhoneSimulator.Deploy.0 = Release|Any CPU
		{26B1EADC-F2EA-40DA-8A5A-D033FF203D70}.Debug|Any CPU.ActiveCfg = Debug|iPhoneSimulator
		{26B1EADC-F2EA-40DA-8A5A-D033FF203D70}.Debug|Any CPU.Build.0 = Debug|iPhoneSimulator
		{26B1EADC-F2EA-40DA-8A5A-D033FF203D70}.Debug|Any CPU.Deploy.0 = Debug|iPhoneSimulator
		{26B1EADC-F2EA-40DA-8A5A-D033FF203D70}.Debug|iPhone.ActiveCfg = Debug|iPhone
		{26B1EADC-F2EA-40DA-8A5A-D033FF203D70}.Debug|iPhone.Build.0 = Debug|iPhone
		{26B1EADC-F2EA-40DA-8A5A-D033FF203D70}.Debug|iPhone.Deploy.0 = Debug|iPhone
		{26B1EADC-F2EA-40DA-8A5A-D033FF203D70}.Debug|iPhoneSimulator.ActiveCfg = Debug|iPhoneSimulator
		{26B1EADC-F2EA-40DA-8A5A-D033FF203D70}.Debug|iPhoneSimulator.Build.0 = Debug|iPhoneSimulator
		{26B1EADC-F2EA-40DA-8A5A-D033FF203D70}.Debug|iPhoneSimulator.Deploy.0 = Debug|iPhoneSimulator
		{26B1EADC-F2EA-40DA-8A5A-D033FF203D70}.Release|Any CPU.ActiveCfg = Release|iPhone
		{26B1EADC-F2EA-40DA-8A5A-D033FF203D70}.Release|Any CPU.Build.0 = Release|iPhone
		{26B1EADC-F2EA-40DA-8A5A-D033FF203D70}.Release|Any CPU.Deploy.0 = Release|iPhone
		{26B1EADC-F2EA-40DA-8A5A-D033FF203D70}.Release|iPhone.ActiveCfg = Release|iPhone
		{26B1EADC-F2EA-40DA-8A5A-D033FF203D70}.Release|iPhone.Build.0 = Release|iPhone
		{26B1EADC-F2EA-40DA-8A5A-D033FF203D70}.Release|iPhone.Deploy.0 = Release|iPhone
		{26B1EADC-F2EA-40DA-8A5A-D033FF203D70}.Release|iPhoneSimulator.ActiveCfg = Release|iPhoneSimulator
		{26B1EADC-F2EA-40DA-8A5A-D033FF203D70}.Release|iPhoneSimulator.Build.0 = Release|iPhoneSimulator
		{26B1EADC-F2EA-40DA-8A5A-D033FF203D70}.Release|iPhoneSimulator.Deploy.0 = Release|iPhoneSimulator
		{C11BF6D4-FC19-488D-98D2-62D99EB9EEE2}.Debug|Any CPU.ActiveCfg = Debug|Any CPU
		{C11BF6D4-FC19-488D-98D2-62D99EB9EEE2}.Debug|Any CPU.Build.0 = Debug|Any CPU
		{C11BF6D4-FC19-488D-98D2-62D99EB9EEE2}.Debug|Any CPU.Deploy.0 = Debug|Any CPU
		{C11BF6D4-FC19-488D-98D2-62D99EB9EEE2}.Debug|iPhone.ActiveCfg = Debug|Any CPU
		{C11BF6D4-FC19-488D-98D2-62D99EB9EEE2}.Debug|iPhone.Build.0 = Debug|Any CPU
		{C11BF6D4-FC19-488D-98D2-62D99EB9EEE2}.Debug|iPhone.Deploy.0 = Debug|Any CPU
		{C11BF6D4-FC19-488D-98D2-62D99EB9EEE2}.Debug|iPhoneSimulator.ActiveCfg = Debug|Any CPU
		{C11BF6D4-FC19-488D-98D2-62D99EB9EEE2}.Debug|iPhoneSimulator.Build.0 = Debug|Any CPU
		{C11BF6D4-FC19-488D-98D2-62D99EB9EEE2}.Debug|iPhoneSimulator.Deploy.0 = Debug|Any CPU
		{C11BF6D4-FC19-488D-98D2-62D99EB9EEE2}.Release|Any CPU.ActiveCfg = Release|Any CPU
		{C11BF6D4-FC19-488D-98D2-62D99EB9EEE2}.Release|Any CPU.Build.0 = Release|Any CPU
		{C11BF6D4-FC19-488D-98D2-62D99EB9EEE2}.Release|Any CPU.Deploy.0 = Release|Any CPU
		{C11BF6D4-FC19-488D-98D2-62D99EB9EEE2}.Release|iPhone.ActiveCfg = Release|Any CPU
		{C11BF6D4-FC19-488D-98D2-62D99EB9EEE2}.Release|iPhone.Build.0 = Release|Any CPU
		{C11BF6D4-FC19-488D-98D2-62D99EB9EEE2}.Release|iPhone.Deploy.0 = Release|Any CPU
		{C11BF6D4-FC19-488D-98D2-62D99EB9EEE2}.Release|iPhoneSimulator.ActiveCfg = Release|Any CPU
		{C11BF6D4-FC19-488D-98D2-62D99EB9EEE2}.Release|iPhoneSimulator.Build.0 = Release|Any CPU
		{C11BF6D4-FC19-488D-98D2-62D99EB9EEE2}.Release|iPhoneSimulator.Deploy.0 = Release|Any CPU
	EndGlobalSection
	GlobalSection(SolutionProperties) = preSolution
		HideSolutionNode = FALSE
	EndGlobalSection
	GlobalSection(ExtensibilityGlobals) = postSolution
		SolutionGuid = {13FE1348-8312-4839-8126-4FBB12C78064}
	EndGlobalSection
EndGlobal
