
Microsoft Visual Studio Solution File, Format Version 12.00
# Visual Studio Version 16
VisualStudioVersion = 16.0.29306.81
MinimumVisualStudioVersion = 10.0.40219.1
Project("{9344BDBB-3E7F-41FC-A0DD-8665D75EE146}") = "Impact.Android", "Impact\Impact.Android\Impact.Android.csproj", "{8AA7B2E3-882F-4DB8-A7CF-C6F8C9031E35}"
EndProject
Project("{9344BDBB-3E7F-41FC-A0DD-8665D75EE146}") = "Impact.iOS", "Impact\Impact.iOS\Impact.iOS.csproj", "{6212F5EC-F554-421D-961B-FAEC4A86A779}"
EndProject
Project("{FAE04EC0-301F-11D3-BF4B-00C04F79EFBC}") = "Impact", "Impact\Impact\Impact.csproj", "{796F78D4-7EB1-43E2-B408-97E2228BBCE1}"
EndProject
Global
	GlobalSection(SolutionConfigurationPlatforms) = preSolution
		Debug|Any CPU = Debug|Any CPU
		Debug|iPhone = Debug|iPhone
		Debug|iPhoneSimulator = Debug|iPhoneSimulator
		Release|Any CPU = Release|Any CPU
		Release|iPhone = Release|iPhone
		Release|iPhoneSimulator = Release|iPhoneSimulator
	EndGlobalSection
	GlobalSection(ProjectConfigurationPlatforms) = postSolution
		{8AA7B2E3-882F-4DB8-A7CF-C6F8C9031E35}.Debug|Any CPU.ActiveCfg = Debug|Any CPU
		{8AA7B2E3-882F-4DB8-A7CF-C6F8C9031E35}.Debug|Any CPU.Build.0 = Debug|Any CPU
		{8AA7B2E3-882F-4DB8-A7CF-C6F8C9031E35}.Debug|Any CPU.Deploy.0 = Debug|Any CPU
		{8AA7B2E3-882F-4DB8-A7CF-C6F8C9031E35}.Debug|iPhone.ActiveCfg = Debug|Any CPU
		{8AA7B2E3-882F-4DB8-A7CF-C6F8C9031E35}.Debug|iPhone.Build.0 = Debug|Any CPU
		{8AA7B2E3-882F-4DB8-A7CF-C6F8C9031E35}.Debug|iPhone.Deploy.0 = Debug|Any CPU
		{8AA7B2E3-882F-4DB8-A7CF-C6F8C9031E35}.Debug|iPhoneSimulator.ActiveCfg = Debug|Any CPU
		{8AA7B2E3-882F-4DB8-A7CF-C6F8C9031E35}.Debug|iPhoneSimulator.Build.0 = Debug|Any CPU
		{8AA7B2E3-882F-4DB8-A7CF-C6F8C9031E35}.Debug|iPhoneSimulator.Deploy.0 = Debug|Any CPU
		{8AA7B2E3-882F-4DB8-A7CF-C6F8C9031E35}.Release|Any CPU.ActiveCfg = Release|Any CPU
		{8AA7B2E3-882F-4DB8-A7CF-C6F8C9031E35}.Release|Any CPU.Build.0 = Release|Any CPU
		{8AA7B2E3-882F-4DB8-A7CF-C6F8C9031E35}.Release|Any CPU.Deploy.0 = Release|Any CPU
		{8AA7B2E3-882F-4DB8-A7CF-C6F8C9031E35}.Release|iPhone.ActiveCfg = Release|Any CPU
		{8AA7B2E3-882F-4DB8-A7CF-C6F8C9031E35}.Release|iPhone.Build.0 = Release|Any CPU
		{8AA7B2E3-882F-4DB8-A7CF-C6F8C9031E35}.Release|iPhone.Deploy.0 = Release|Any CPU
		{8AA7B2E3-882F-4DB8-A7CF-C6F8C9031E35}.Release|iPhoneSimulator.ActiveCfg = Release|Any CPU
		{8AA7B2E3-882F-4DB8-A7CF-C6F8C9031E35}.Release|iPhoneSimulator.Build.0 = Release|Any CPU
		{8AA7B2E3-882F-4DB8-A7CF-C6F8C9031E35}.Release|iPhoneSimulator.Deploy.0 = Release|Any CPU
		{6212F5EC-F554-421D-961B-FAEC4A86A779}.Debug|Any CPU.ActiveCfg = Debug|iPhoneSimulator
		{6212F5EC-F554-421D-961B-FAEC4A86A779}.Debug|Any CPU.Build.0 = Debug|iPhoneSimulator
		{6212F5EC-F554-421D-961B-FAEC4A86A779}.Debug|Any CPU.Deploy.0 = Debug|iPhoneSimulator
		{6212F5EC-F554-421D-961B-FAEC4A86A779}.Debug|iPhone.ActiveCfg = Debug|iPhone
		{6212F5EC-F554-421D-961B-FAEC4A86A779}.Debug|iPhone.Build.0 = Debug|iPhone
		{6212F5EC-F554-421D-961B-FAEC4A86A779}.Debug|iPhone.Deploy.0 = Debug|iPhone
		{6212F5EC-F554-421D-961B-FAEC4A86A779}.Debug|iPhoneSimulator.ActiveCfg = Debug|iPhoneSimulator
		{6212F5EC-F554-421D-961B-FAEC4A86A779}.Debug|iPhoneSimulator.Build.0 = Debug|iPhoneSimulator
		{6212F5EC-F554-421D-961B-FAEC4A86A779}.Debug|iPhoneSimulator.Deploy.0 = Debug|iPhoneSimulator
		{6212F5EC-F554-421D-961B-FAEC4A86A779}.Release|Any CPU.ActiveCfg = Release|iPhone
		{6212F5EC-F554-421D-961B-FAEC4A86A779}.Release|Any CPU.Build.0 = Release|iPhone
		{6212F5EC-F554-421D-961B-FAEC4A86A779}.Release|Any CPU.Deploy.0 = Release|iPhone
		{6212F5EC-F554-421D-961B-FAEC4A86A779}.Release|iPhone.ActiveCfg = Release|iPhone
		{6212F5EC-F554-421D-961B-FAEC4A86A779}.Release|iPhone.Build.0 = Release|iPhone
		{6212F5EC-F554-421D-961B-FAEC4A86A779}.Release|iPhone.Deploy.0 = Release|iPhone
		{6212F5EC-F554-421D-961B-FAEC4A86A779}.Release|iPhoneSimulator.ActiveCfg = Release|iPhoneSimulator
		{6212F5EC-F554-421D-961B-FAEC4A86A779}.Release|iPhoneSimulator.Build.0 = Release|iPhoneSimulator
		{6212F5EC-F554-421D-961B-FAEC4A86A779}.Release|iPhoneSimulator.Deploy.0 = Release|iPhoneSimulator
		{796F78D4-7EB1-43E2-B408-97E2228BBCE1}.Debug|Any CPU.ActiveCfg = Debug|Any CPU
		{796F78D4-7EB1-43E2-B408-97E2228BBCE1}.Debug|Any CPU.Build.0 = Debug|Any CPU
		{796F78D4-7EB1-43E2-B408-97E2228BBCE1}.Debug|Any CPU.Deploy.0 = Debug|Any CPU
		{796F78D4-7EB1-43E2-B408-97E2228BBCE1}.Debug|iPhone.ActiveCfg = Debug|Any CPU
		{796F78D4-7EB1-43E2-B408-97E2228BBCE1}.Debug|iPhone.Build.0 = Debug|Any CPU
		{796F78D4-7EB1-43E2-B408-97E2228BBCE1}.Debug|iPhone.Deploy.0 = Debug|Any CPU
		{796F78D4-7EB1-43E2-B408-97E2228BBCE1}.Debug|iPhoneSimulator.ActiveCfg = Debug|Any CPU
		{796F78D4-7EB1-43E2-B408-97E2228BBCE1}.Debug|iPhoneSimulator.Build.0 = Debug|Any CPU
		{796F78D4-7EB1-43E2-B408-97E2228BBCE1}.Debug|iPhoneSimulator.Deploy.0 = Debug|Any CPU
		{796F78D4-7EB1-43E2-B408-97E2228BBCE1}.Release|Any CPU.ActiveCfg = Release|Any CPU
		{796F78D4-7EB1-43E2-B408-97E2228BBCE1}.Release|Any CPU.Build.0 = Release|Any CPU
		{796F78D4-7EB1-43E2-B408-97E2228BBCE1}.Release|Any CPU.Deploy.0 = Release|Any CPU
		{796F78D4-7EB1-43E2-B408-97E2228BBCE1}.Release|iPhone.ActiveCfg = Release|Any CPU
		{796F78D4-7EB1-43E2-B408-97E2228BBCE1}.Release|iPhone.Build.0 = Release|Any CPU
		{796F78D4-7EB1-43E2-B408-97E2228BBCE1}.Release|iPhone.Deploy.0 = Release|Any CPU
		{796F78D4-7EB1-43E2-B408-97E2228BBCE1}.Release|iPhoneSimulator.ActiveCfg = Release|Any CPU
		{796F78D4-7EB1-43E2-B408-97E2228BBCE1}.Release|iPhoneSimulator.Build.0 = Release|Any CPU
		{796F78D4-7EB1-43E2-B408-97E2228BBCE1}.Release|iPhoneSimulator.Deploy.0 = Release|Any CPU
	EndGlobalSection
	GlobalSection(SolutionProperties) = preSolution
		HideSolutionNode = FALSE
	EndGlobalSection
	GlobalSection(ExtensibilityGlobals) = postSolution
		SolutionGuid = {13FE1348-8312-4839-8126-4FBB12C78064}
	EndGlobalSection
EndGlobal
